{
    "_readme": [
        "This file locks the dependencies of your project to a known state",
        "Read more about it at https://getcomposer.org/doc/01-basic-usage.md#composer-lock-the-lock-file",
        "This file is @generated automatically"
    ],
    "content-hash": "2cddc7b7af821babae9db735e642b51f",
    "packages": [
        {
            "name": "ismaeltoe/osms",
            "version": "v2.0.1",
            "source": {
                "type": "git",
                "url": "https://github.com/ismaeltoe/osms-php.git",
                "reference": "1d7623be0ca30d204fa841dc55b431e72ff9c59f"
            },
            "dist": {
                "type": "zip",
                "url": "https://api.github.com/repos/ismaeltoe/osms-php/zipball/1d7623be0ca30d204fa841dc55b431e72ff9c59f",
                "reference": "1d7623be0ca30d204fa841dc55b431e72ff9c59f",
                "shasum": ""
            },
            "require": {
                "ext-curl": "*",
                "php": ">=5.3.0"
            },
            "type": "library",
            "autoload": {
                "psr-4": {
                    "Osms\\": "src/"
                }
            },
            "notification-url": "https://packagist.org/downloads/",
            "license": [
                "MIT"
            ],
            "authors": [
                {
                    "name": "Ismael Toé",
                    "email": "ismael.toe@gmail.com"
                }
            ],
            "description": "PHP library wrapper of the Orange SMS API.",
            "homepage": "https://github.com/ismaeltoe/osms-php",
            "keywords": [
                "api",
                "client",
                "curl",
                "http client",
                "json",
                "orange",
                "php",
                "requests",
                "rest",
                "restful",
                "sms",
                "web service"
            ],
            "time": "2015-09-21T22:56:19+00:00"
        }
    ],
    "packages-dev": [],
    "aliases": [],
    "minimum-stability": "stable",
    "stability-flags": [],
    "prefer-stable": false,
    "prefer-lowest": false,
    "platform": [],
    "platform-dev": []
}
